
Microsoft Visual Studio Solution File, Format Version 12.00
# Visual Studio 2012
Project("{FAE04EC0-301F-11D3-BF4B-00C04F79EFBC}") = "WPFMapWrapper", "WPFMapWrapper\WPFMapWrapper.csproj", "{FCA836DB-D195-4AFD-953F-16A6F80C1837}"
EndProject
Project("{FAE04EC0-301F-11D3-BF4B-00C04F79EFBC}") = "WPFMapViewer2010", "WPF_OpenMap\WPFMapViewer2010.csproj", "{0B519FE6-F983-4E02-962A-14D27E0D1338}"
EndProject
Global
	GlobalSection(SolutionConfigurationPlatforms) = preSolution
		Debug|Any CPU = Debug|Any CPU
		Debug|x64 = Debug|x64
		Debug|x86 = Debug|x86
		Release|Any CPU = Release|Any CPU
		Release|x64 = Release|x64
		Release|x86 = Release|x86
	EndGlobalSection
	GlobalSection(ProjectConfigurationPlatforms) = postSolution
		{FCA836DB-D195-4AFD-953F-16A6F80C1837}.Debug|Any CPU.ActiveCfg = Debug|Any CPU
		{FCA836DB-D195-4AFD-953F-16A6F80C1837}.Debug|Any CPU.Build.0 = Debug|Any CPU
		{FCA836DB-D195-4AFD-953F-16A6F80C1837}.Debug|x64.ActiveCfg = Debug|Any CPU
		{FCA836DB-D195-4AFD-953F-16A6F80C1837}.Debug|x86.ActiveCfg = Debug|x86
		{FCA836DB-D195-4AFD-953F-16A6F80C1837}.Debug|x86.Build.0 = Debug|x86
		{FCA836DB-D195-4AFD-953F-16A6F80C1837}.Release|Any CPU.ActiveCfg = Release|Any CPU
		{FCA836DB-D195-4AFD-953F-16A6F80C1837}.Release|Any CPU.Build.0 = Release|Any CPU
		{FCA836DB-D195-4AFD-953F-16A6F80C1837}.Release|x64.ActiveCfg = Release|Any CPU
		{FCA836DB-D195-4AFD-953F-16A6F80C1837}.Release|x86.ActiveCfg = Release|x86
		{FCA836DB-D195-4AFD-953F-16A6F80C1837}.Release|x86.Build.0 = Release|x86
		{0B519FE6-F983-4E02-962A-14D27E0D1338}.Debug|Any CPU.ActiveCfg = Debug|Any CPU
		{0B519FE6-F983-4E02-962A-14D27E0D1338}.Debug|Any CPU.Build.0 = Debug|Any CPU
		{0B519FE6-F983-4E02-962A-14D27E0D1338}.Debug|x64.ActiveCfg = Debug|x64
		{0B519FE6-F983-4E02-962A-14D27E0D1338}.Debug|x64.Build.0 = Debug|x64
		{0B519FE6-F983-4E02-962A-14D27E0D1338}.Debug|x86.ActiveCfg = Debug|x86
		{0B519FE6-F983-4E02-962A-14D27E0D1338}.Debug|x86.Build.0 = Debug|x86
		{0B519FE6-F983-4E02-962A-14D27E0D1338}.Release|Any CPU.ActiveCfg = Release|Any CPU
		{0B519FE6-F983-4E02-962A-14D27E0D1338}.Release|Any CPU.Build.0 = Release|Any CPU
		{0B519FE6-F983-4E02-962A-14D27E0D1338}.Release|x64.ActiveCfg = Release|x64
		{0B519FE6-F983-4E02-962A-14D27E0D1338}.Release|x64.Build.0 = Release|x64
		{0B519FE6-F983-4E02-962A-14D27E0D1338}.Release|x86.ActiveCfg = Release|x86
		{0B519FE6-F983-4E02-962A-14D27E0D1338}.Release|x86.Build.0 = Release|x86
	EndGlobalSection
	GlobalSection(SolutionProperties) = preSolution
		HideSolutionNode = FALSE
	EndGlobalSection
EndGlobal
